
Microsoft Visual Studio Solution File, Format Version 12.00
# Visual Studio Version 17
VisualStudioVersion = 17.7.34024.191
MinimumVisualStudioVersion = 10.0.40219.1
Project("{FAE04EC0-301F-11D3-BF4B-00C04F79EFBC}") = "ManaogApplication", "ManaogApplication\ManaogApplication.csproj", "{1FDDE092-5A5F-4179-86EC-A769BF9E6D47}"
EndProject
Global
	GlobalSection(SolutionConfigurationPlatforms) = preSolution
		Debug|Any CPU = Debug|Any CPU
		Release|Any CPU = Release|Any CPU
	EndGlobalSection
	GlobalSection(ProjectConfigurationPlatforms) = postSolution
		{1FDDE092-5A5F-4179-86EC-A769BF9E6D47}.Debug|Any CPU.ActiveCfg = Debug|Any CPU
		{1FDDE092-5A5F-4179-86EC-A769BF9E6D47}.Debug|Any CPU.Build.0 = Debug|Any CPU
		{1FDDE092-5A5F-4179-86EC-A769BF9E6D47}.Release|Any CPU.ActiveCfg = Release|Any CPU
		{1FDDE092-5A5F-4179-86EC-A769BF9E6D47}.Release|Any CPU.Build.0 = Release|Any CPU
	EndGlobalSection
	GlobalSection(SolutionProperties) = preSolution
		HideSolutionNode = FALSE
	EndGlobalSection
	GlobalSection(ExtensibilityGlobals) = postSolution
		SolutionGuid = {20DAE69D-E3B2-4698-9845-55190D0CE10F}
	EndGlobalSection
EndGlobal
